
Microsoft Visual Studio Solution File, Format Version 12.00
# Visual Studio Version 16
VisualStudioVersion = 16.6.30114.105
MinimumVisualStudioVersion = 10.0.40219.1
Project("{FAE04EC0-301F-11D3-BF4B-00C04F79EFBC}") = "LocalSettingsGenerator", "src\LocalSettingsGenerator\LocalSettingsGenerator.csproj", "{66CF8626-CF0E-4797-A5FC-F982FA3034A6}"
EndProject
Project("{2150E333-8FDC-42A3-9474-1A3956D46DE8}") = "test", "test", "{5E218C7C-3FA4-4CF2-BE7A-D4471347EB73}"
EndProject
Project("{FAE04EC0-301F-11D3-BF4B-00C04F79EFBC}") = "LocalSettingsGenerator.Tests", "test\LocalSettingsGenerator.Tests\LocalSettingsGenerator.Tests.csproj", "{E03405E1-716C-46CD-90CA-AD9C9C2F9E82}"
EndProject
Global
	GlobalSection(SolutionConfigurationPlatforms) = preSolution
		Debug|Any CPU = Debug|Any CPU
		Debug|x64 = Debug|x64
		Debug|x86 = Debug|x86
		Release|Any CPU = Release|Any CPU
		Release|x64 = Release|x64
		Release|x86 = Release|x86
	EndGlobalSection
	GlobalSection(SolutionProperties) = preSolution
		HideSolutionNode = FALSE
	EndGlobalSection
	GlobalSection(ProjectConfigurationPlatforms) = postSolution
		{66CF8626-CF0E-4797-A5FC-F982FA3034A6}.Debug|Any CPU.ActiveCfg = Debug|Any CPU
		{66CF8626-CF0E-4797-A5FC-F982FA3034A6}.Debug|Any CPU.Build.0 = Debug|Any CPU
		{66CF8626-CF0E-4797-A5FC-F982FA3034A6}.Debug|x64.ActiveCfg = Debug|Any CPU
		{66CF8626-CF0E-4797-A5FC-F982FA3034A6}.Debug|x64.Build.0 = Debug|Any CPU
		{66CF8626-CF0E-4797-A5FC-F982FA3034A6}.Debug|x86.ActiveCfg = Debug|Any CPU
		{66CF8626-CF0E-4797-A5FC-F982FA3034A6}.Debug|x86.Build.0 = Debug|Any CPU
		{66CF8626-CF0E-4797-A5FC-F982FA3034A6}.Release|Any CPU.ActiveCfg = Release|Any CPU
		{66CF8626-CF0E-4797-A5FC-F982FA3034A6}.Release|Any CPU.Build.0 = Release|Any CPU
		{66CF8626-CF0E-4797-A5FC-F982FA3034A6}.Release|x64.ActiveCfg = Release|Any CPU
		{66CF8626-CF0E-4797-A5FC-F982FA3034A6}.Release|x64.Build.0 = Release|Any CPU
		{66CF8626-CF0E-4797-A5FC-F982FA3034A6}.Release|x86.ActiveCfg = Release|Any CPU
		{66CF8626-CF0E-4797-A5FC-F982FA3034A6}.Release|x86.Build.0 = Release|Any CPU
		{E03405E1-716C-46CD-90CA-AD9C9C2F9E82}.Debug|Any CPU.ActiveCfg = Debug|Any CPU
		{E03405E1-716C-46CD-90CA-AD9C9C2F9E82}.Debug|Any CPU.Build.0 = Debug|Any CPU
		{E03405E1-716C-46CD-90CA-AD9C9C2F9E82}.Debug|x64.ActiveCfg = Debug|Any CPU
		{E03405E1-716C-46CD-90CA-AD9C9C2F9E82}.Debug|x64.Build.0 = Debug|Any CPU
		{E03405E1-716C-46CD-90CA-AD9C9C2F9E82}.Debug|x86.ActiveCfg = Debug|Any CPU
		{E03405E1-716C-46CD-90CA-AD9C9C2F9E82}.Debug|x86.Build.0 = Debug|Any CPU
		{E03405E1-716C-46CD-90CA-AD9C9C2F9E82}.Release|Any CPU.ActiveCfg = Release|Any CPU
		{E03405E1-716C-46CD-90CA-AD9C9C2F9E82}.Release|Any CPU.Build.0 = Release|Any CPU
		{E03405E1-716C-46CD-90CA-AD9C9C2F9E82}.Release|x64.ActiveCfg = Release|Any CPU
		{E03405E1-716C-46CD-90CA-AD9C9C2F9E82}.Release|x64.Build.0 = Release|Any CPU
		{E03405E1-716C-46CD-90CA-AD9C9C2F9E82}.Release|x86.ActiveCfg = Release|Any CPU
		{E03405E1-716C-46CD-90CA-AD9C9C2F9E82}.Release|x86.Build.0 = Release|Any CPU
	EndGlobalSection
	GlobalSection(NestedProjects) = preSolution
		{E03405E1-716C-46CD-90CA-AD9C9C2F9E82} = {5E218C7C-3FA4-4CF2-BE7A-D4471347EB73}
	EndGlobalSection
EndGlobal
